
Microsoft Visual Studio Solution File, Format Version 12.00
# Visual Studio Version 17
VisualStudioVersion = 17.8.34408.163
MinimumVisualStudioVersion = 10.0.40219.1
Project("{9A19103F-16F7-4668-BE54-9A1E7A4F7556}") = "M001", "M001\M001.csproj", "{23E065E4-9B49-4EBD-B491-D6DB394D348D}"
EndProject
Project("{9A19103F-16F7-4668-BE54-9A1E7A4F7556}") = "M002", "M002\M002.csproj", "{29D8BE9F-83C8-40CF-90CE-BFA1E3FF08F9}"
EndProject
Project("{9A19103F-16F7-4668-BE54-9A1E7A4F7556}") = "M003", "M003\M003.csproj", "{02F1CDDD-C33A-4783-9440-AB7BA6786FAF}"
EndProject
Project("{9A19103F-16F7-4668-BE54-9A1E7A4F7556}") = "M004", "M004\M004.csproj", "{BE589FA5-1A36-4381-B575-295514ACD4AD}"
EndProject
Project("{2150E333-8FDC-42A3-9474-1A3956D46DE8}") = "Solution Items", "Solution Items", "{4BBCCC9B-39AA-488D-AA6F-F2B84BD48991}"
	ProjectSection(SolutionItems) = preProject
		Shortcuts.txt = Shortcuts.txt
	EndProjectSection
EndProject
Project("{9A19103F-16F7-4668-BE54-9A1E7A4F7556}") = "M005", "M005\M005.csproj", "{CA526A3C-9A3D-4DAE-8BCE-9F759E26B988}"
EndProject
Project("{9A19103F-16F7-4668-BE54-9A1E7A4F7556}") = "M006", "M006\M006.csproj", "{07AD9A00-3236-4321-B6EB-A40DB119CF22}"
EndProject
Project("{9A19103F-16F7-4668-BE54-9A1E7A4F7556}") = "M007", "M007\M007.csproj", "{A34F66BD-D277-41F9-B2E1-E01F52B6057A}"
EndProject
Project("{9A19103F-16F7-4668-BE54-9A1E7A4F7556}") = "M008", "M008\M008.csproj", "{0265FB71-913C-46D8-B9FB-D2F5D18BAB48}"
EndProject
Project("{9A19103F-16F7-4668-BE54-9A1E7A4F7556}") = "M009", "M009\M009.csproj", "{267F76B0-2638-45BB-B01B-AE88A8FD92D2}"
EndProject
Project("{9A19103F-16F7-4668-BE54-9A1E7A4F7556}") = "M010", "M010\M010.csproj", "{30E38BB4-6E99-4388-9621-6B75B9C6BA5F}"
EndProject
Project("{9A19103F-16F7-4668-BE54-9A1E7A4F7556}") = "M011", "M011\M011.csproj", "{963C194E-5FBC-4D75-9BCA-5A30D2B12232}"
EndProject
Project("{9A19103F-16F7-4668-BE54-9A1E7A4F7556}") = "M011_Tests", "M011_Tests\M011_Tests.csproj", "{9BBCF789-ACC4-4CCA-890C-7EBF539A2911}"
EndProject
Project("{9A19103F-16F7-4668-BE54-9A1E7A4F7556}") = "M012", "M012\M012.csproj", "{15EC2744-3EC8-4B78-9CCA-2E39F45C5D62}"
EndProject
Project("{9A19103F-16F7-4668-BE54-9A1E7A4F7556}") = "M013", "M013\M013.csproj", "{9E556227-2A59-49A3-BFED-1158DF0577A7}"
EndProject
Project("{FAE04EC0-301F-11D3-BF4B-00C04F79EFBC}") = "M014", "M014\M014.csproj", "{48219972-5C39-450A-BE41-4BAFFA70D233}"
EndProject
Project("{FAE04EC0-301F-11D3-BF4B-00C04F79EFBC}") = "M015_WinForms", "M015_WinForms\M015_WinForms.csproj", "{227B56BB-FB9F-4C26-A23B-8F4C64E45262}"
EndProject
Project("{FAE04EC0-301F-11D3-BF4B-00C04F79EFBC}") = "M015", "M015\M015.csproj", "{66B8E561-DAA1-4C3A-9B1C-39D7C03B2FBD}"
EndProject
Project("{FAE04EC0-301F-11D3-BF4B-00C04F79EFBC}") = "M016", "M016\M016.csproj", "{4E5F972E-B6DC-49C0-8EB3-790222D3EA33}"
EndProject
Project("{FAE04EC0-301F-11D3-BF4B-00C04F79EFBC}") = "M017", "M017\M017.csproj", "{0250B8F6-1FFD-4D61-A1FC-AB550CDD4F3E}"
EndProject
Global
	GlobalSection(SolutionConfigurationPlatforms) = preSolution
		Debug|Any CPU = Debug|Any CPU
		Release|Any CPU = Release|Any CPU
	EndGlobalSection
	GlobalSection(ProjectConfigurationPlatforms) = postSolution
		{23E065E4-9B49-4EBD-B491-D6DB394D348D}.Debug|Any CPU.ActiveCfg = Debug|Any CPU
		{23E065E4-9B49-4EBD-B491-D6DB394D348D}.Debug|Any CPU.Build.0 = Debug|Any CPU
		{23E065E4-9B49-4EBD-B491-D6DB394D348D}.Release|Any CPU.ActiveCfg = Release|Any CPU
		{23E065E4-9B49-4EBD-B491-D6DB394D348D}.Release|Any CPU.Build.0 = Release|Any CPU
		{29D8BE9F-83C8-40CF-90CE-BFA1E3FF08F9}.Debug|Any CPU.ActiveCfg = Debug|Any CPU
		{29D8BE9F-83C8-40CF-90CE-BFA1E3FF08F9}.Debug|Any CPU.Build.0 = Debug|Any CPU
		{29D8BE9F-83C8-40CF-90CE-BFA1E3FF08F9}.Release|Any CPU.ActiveCfg = Release|Any CPU
		{29D8BE9F-83C8-40CF-90CE-BFA1E3FF08F9}.Release|Any CPU.Build.0 = Release|Any CPU
		{02F1CDDD-C33A-4783-9440-AB7BA6786FAF}.Debug|Any CPU.ActiveCfg = Debug|Any CPU
		{02F1CDDD-C33A-4783-9440-AB7BA6786FAF}.Debug|Any CPU.Build.0 = Debug|Any CPU
		{02F1CDDD-C33A-4783-9440-AB7BA6786FAF}.Release|Any CPU.ActiveCfg = Release|Any CPU
		{02F1CDDD-C33A-4783-9440-AB7BA6786FAF}.Release|Any CPU.Build.0 = Release|Any CPU
		{BE589FA5-1A36-4381-B575-295514ACD4AD}.Debug|Any CPU.ActiveCfg = Debug|Any CPU
		{BE589FA5-1A36-4381-B575-295514ACD4AD}.Debug|Any CPU.Build.0 = Debug|Any CPU
		{BE589FA5-1A36-4381-B575-295514ACD4AD}.Release|Any CPU.ActiveCfg = Release|Any CPU
		{BE589FA5-1A36-4381-B575-295514ACD4AD}.Release|Any CPU.Build.0 = Release|Any CPU
		{CA526A3C-9A3D-4DAE-8BCE-9F759E26B988}.Debug|Any CPU.ActiveCfg = Debug|Any CPU
		{CA526A3C-9A3D-4DAE-8BCE-9F759E26B988}.Debug|Any CPU.Build.0 = Debug|Any CPU
		{CA526A3C-9A3D-4DAE-8BCE-9F759E26B988}.Release|Any CPU.ActiveCfg = Release|Any CPU
		{CA526A3C-9A3D-4DAE-8BCE-9F759E26B988}.Release|Any CPU.Build.0 = Release|Any CPU
		{07AD9A00-3236-4321-B6EB-A40DB119CF22}.Debug|Any CPU.ActiveCfg = Debug|Any CPU
		{07AD9A00-3236-4321-B6EB-A40DB119CF22}.Debug|Any CPU.Build.0 = Debug|Any CPU
		{07AD9A00-3236-4321-B6EB-A40DB119CF22}.Release|Any CPU.ActiveCfg = Release|Any CPU
		{07AD9A00-3236-4321-B6EB-A40DB119CF22}.Release|Any CPU.Build.0 = Release|Any CPU
		{A34F66BD-D277-41F9-B2E1-E01F52B6057A}.Debug|Any CPU.ActiveCfg = Debug|Any CPU
		{A34F66BD-D277-41F9-B2E1-E01F52B6057A}.Debug|Any CPU.Build.0 = Debug|Any CPU
		{A34F66BD-D277-41F9-B2E1-E01F52B6057A}.Release|Any CPU.ActiveCfg = Release|Any CPU
		{A34F66BD-D277-41F9-B2E1-E01F52B6057A}.Release|Any CPU.Build.0 = Release|Any CPU
		{0265FB71-913C-46D8-B9FB-D2F5D18BAB48}.Debug|Any CPU.ActiveCfg = Debug|Any CPU
		{0265FB71-913C-46D8-B9FB-D2F5D18BAB48}.Debug|Any CPU.Build.0 = Debug|Any CPU
		{0265FB71-913C-46D8-B9FB-D2F5D18BAB48}.Release|Any CPU.ActiveCfg = Release|Any CPU
		{0265FB71-913C-46D8-B9FB-D2F5D18BAB48}.Release|Any CPU.Build.0 = Release|Any CPU
		{267F76B0-2638-45BB-B01B-AE88A8FD92D2}.Debug|Any CPU.ActiveCfg = Debug|Any CPU
		{267F76B0-2638-45BB-B01B-AE88A8FD92D2}.Debug|Any CPU.Build.0 = Debug|Any CPU
		{267F76B0-2638-45BB-B01B-AE88A8FD92D2}.Release|Any CPU.ActiveCfg = Release|Any CPU
		{267F76B0-2638-45BB-B01B-AE88A8FD92D2}.Release|Any CPU.Build.0 = Release|Any CPU
		{30E38BB4-6E99-4388-9621-6B75B9C6BA5F}.Debug|Any CPU.ActiveCfg = Debug|Any CPU
		{30E38BB4-6E99-4388-9621-6B75B9C6BA5F}.Debug|Any CPU.Build.0 = Debug|Any CPU
		{30E38BB4-6E99-4388-9621-6B75B9C6BA5F}.Release|Any CPU.ActiveCfg = Release|Any CPU
		{30E38BB4-6E99-4388-9621-6B75B9C6BA5F}.Release|Any CPU.Build.0 = Release|Any CPU
		{963C194E-5FBC-4D75-9BCA-5A30D2B12232}.Debug|Any CPU.ActiveCfg = Debug|Any CPU
		{963C194E-5FBC-4D75-9BCA-5A30D2B12232}.Debug|Any CPU.Build.0 = Debug|Any CPU
		{963C194E-5FBC-4D75-9BCA-5A30D2B12232}.Release|Any CPU.ActiveCfg = Release|Any CPU
		{963C194E-5FBC-4D75-9BCA-5A30D2B12232}.Release|Any CPU.Build.0 = Release|Any CPU
		{9BBCF789-ACC4-4CCA-890C-7EBF539A2911}.Debug|Any CPU.ActiveCfg = Debug|Any CPU
		{9BBCF789-ACC4-4CCA-890C-7EBF539A2911}.Debug|Any CPU.Build.0 = Debug|Any CPU
		{9BBCF789-ACC4-4CCA-890C-7EBF539A2911}.Release|Any CPU.ActiveCfg = Release|Any CPU
		{9BBCF789-ACC4-4CCA-890C-7EBF539A2911}.Release|Any CPU.Build.0 = Release|Any CPU
		{15EC2744-3EC8-4B78-9CCA-2E39F45C5D62}.Debug|Any CPU.ActiveCfg = Debug|Any CPU
		{15EC2744-3EC8-4B78-9CCA-2E39F45C5D62}.Debug|Any CPU.Build.0 = Debug|Any CPU
		{15EC2744-3EC8-4B78-9CCA-2E39F45C5D62}.Release|Any CPU.ActiveCfg = Release|Any CPU
		{15EC2744-3EC8-4B78-9CCA-2E39F45C5D62}.Release|Any CPU.Build.0 = Release|Any CPU
		{9E556227-2A59-49A3-BFED-1158DF0577A7}.Debug|Any CPU.ActiveCfg = Debug|Any CPU
		{9E556227-2A59-49A3-BFED-1158DF0577A7}.Debug|Any CPU.Build.0 = Debug|Any CPU
		{9E556227-2A59-49A3-BFED-1158DF0577A7}.Release|Any CPU.ActiveCfg = Release|Any CPU
		{9E556227-2A59-49A3-BFED-1158DF0577A7}.Release|Any CPU.Build.0 = Release|Any CPU
		{48219972-5C39-450A-BE41-4BAFFA70D233}.Debug|Any CPU.ActiveCfg = Debug|Any CPU
		{48219972-5C39-450A-BE41-4BAFFA70D233}.Debug|Any CPU.Build.0 = Debug|Any CPU
		{48219972-5C39-450A-BE41-4BAFFA70D233}.Release|Any CPU.ActiveCfg = Release|Any CPU
		{48219972-5C39-450A-BE41-4BAFFA70D233}.Release|Any CPU.Build.0 = Release|Any CPU
		{227B56BB-FB9F-4C26-A23B-8F4C64E45262}.Debug|Any CPU.ActiveCfg = Debug|Any CPU
		{227B56BB-FB9F-4C26-A23B-8F4C64E45262}.Debug|Any CPU.Build.0 = Debug|Any CPU
		{227B56BB-FB9F-4C26-A23B-8F4C64E45262}.Release|Any CPU.ActiveCfg = Release|Any CPU
		{227B56BB-FB9F-4C26-A23B-8F4C64E45262}.Release|Any CPU.Build.0 = Release|Any CPU
		{66B8E561-DAA1-4C3A-9B1C-39D7C03B2FBD}.Debug|Any CPU.ActiveCfg = Debug|Any CPU
		{66B8E561-DAA1-4C3A-9B1C-39D7C03B2FBD}.Debug|Any CPU.Build.0 = Debug|Any CPU
		{66B8E561-DAA1-4C3A-9B1C-39D7C03B2FBD}.Release|Any CPU.ActiveCfg = Release|Any CPU
		{66B8E561-DAA1-4C3A-9B1C-39D7C03B2FBD}.Release|Any CPU.Build.0 = Release|Any CPU
		{4E5F972E-B6DC-49C0-8EB3-790222D3EA33}.Debug|Any CPU.ActiveCfg = Debug|Any CPU
		{4E5F972E-B6DC-49C0-8EB3-790222D3EA33}.Debug|Any CPU.Build.0 = Debug|Any CPU
		{4E5F972E-B6DC-49C0-8EB3-790222D3EA33}.Release|Any CPU.ActiveCfg = Release|Any CPU
		{4E5F972E-B6DC-49C0-8EB3-790222D3EA33}.Release|Any CPU.Build.0 = Release|Any CPU
		{0250B8F6-1FFD-4D61-A1FC-AB550CDD4F3E}.Debug|Any CPU.ActiveCfg = Debug|Any CPU
		{0250B8F6-1FFD-4D61-A1FC-AB550CDD4F3E}.Debug|Any CPU.Build.0 = Debug|Any CPU
		{0250B8F6-1FFD-4D61-A1FC-AB550CDD4F3E}.Release|Any CPU.ActiveCfg = Release|Any CPU
		{0250B8F6-1FFD-4D61-A1FC-AB550CDD4F3E}.Release|Any CPU.Build.0 = Release|Any CPU
	EndGlobalSection
	GlobalSection(SolutionProperties) = preSolution
		HideSolutionNode = FALSE
	EndGlobalSection
	GlobalSection(ExtensibilityGlobals) = postSolution
		SolutionGuid = {42B31853-C34C-4A62-A93D-C0DEECA32141}
	EndGlobalSection
EndGlobal
